
Microsoft Visual Studio Solution File, Format Version 12.00
# Visual Studio Version 16
VisualStudioVersion = 16.0.32802.440
MinimumVisualStudioVersion = 10.0.40219.1
Project("{00D1A9C2-B5F0-4AF3-8072-F6C62B433612}") = "DWH", "DWH TDanix\DWH.sqlproj", "{12DA1078-8223-4301-A427-EE22A87375BF}"
EndProject
Global
	GlobalSection(SolutionConfigurationPlatforms) = preSolution
		Debug|Any CPU = Debug|Any CPU
		Development|Any CPU = Development|Any CPU
		Release|Any CPU = Release|Any CPU
	EndGlobalSection
	GlobalSection(ProjectConfigurationPlatforms) = postSolution
		{12DA1078-8223-4301-A427-EE22A87375BF}.Debug|Any CPU.ActiveCfg = Debug|Any CPU
		{12DA1078-8223-4301-A427-EE22A87375BF}.Debug|Any CPU.Build.0 = Debug|Any CPU
		{12DA1078-8223-4301-A427-EE22A87375BF}.Debug|Any CPU.Deploy.0 = Debug|Any CPU
		{12DA1078-8223-4301-A427-EE22A87375BF}.Development|Any CPU.ActiveCfg = Debug|Any CPU
		{12DA1078-8223-4301-A427-EE22A87375BF}.Development|Any CPU.Build.0 = Debug|Any CPU
		{12DA1078-8223-4301-A427-EE22A87375BF}.Development|Any CPU.Deploy.0 = Debug|Any CPU
		{12DA1078-8223-4301-A427-EE22A87375BF}.Release|Any CPU.ActiveCfg = Release|Any CPU
		{12DA1078-8223-4301-A427-EE22A87375BF}.Release|Any CPU.Build.0 = Release|Any CPU
		{12DA1078-8223-4301-A427-EE22A87375BF}.Release|Any CPU.Deploy.0 = Release|Any CPU
	EndGlobalSection
	GlobalSection(SolutionProperties) = preSolution
		HideSolutionNode = FALSE
	EndGlobalSection
	GlobalSection(ExtensibilityGlobals) = postSolution
		SolutionGuid = {3E188BE1-E23E-4112-8087-9AEE56D19825}
	EndGlobalSection
EndGlobal
